
Microsoft Visual Studio Solution File, Format Version 12.00
# Visual Studio Version 17
VisualStudioVersion = 17.14.36109.1
MinimumVisualStudioVersion = 10.0.40219.1
Project("{FAE04EC0-301F-11D3-BF4B-00C04F79EFBC}") = "Konu01Degiskenler", "Konu01Degiskenler\Konu01Degiskenler.csproj", "{6FAFFE58-8924-4FD9-A889-8ADF5B1C6A03}"
EndProject
Project("{FAE04EC0-301F-11D3-BF4B-00C04F79EFBC}") = "Konu02TipDonusumleri", "Konu02TipDonusumleri\Konu02TipDonusumleri.csproj", "{50E2B622-DBED-44F7-B4E7-42EBF8D268AF}"
EndProject
Project("{FAE04EC0-301F-11D3-BF4B-00C04F79EFBC}") = "Konu03Operatorler", "Konu03Operatorler\Konu03Operatorler.csproj", "{2A4450DB-CF4A-4E28-9D96-51C130C12D1C}"
EndProject
Project("{FAE04EC0-301F-11D3-BF4B-00C04F79EFBC}") = "Konu04KararYapilari", "Konu04KararYapilari\Konu04KararYapilari.csproj", "{9C51521B-8F1B-4B51-AF29-705D5A321527}"
EndProject
Project("{FAE04EC0-301F-11D3-BF4B-00C04F79EFBC}") = "Konu05Metotlar", "Konu05Metotlar\Konu05Metotlar.csproj", "{12E96D42-6CC6-4453-8312-3C28E1234EED}"
EndProject
Project("{FAE04EC0-301F-11D3-BF4B-00C04F79EFBC}") = "Konu06Diziler", "Konu06Diziler\Konu06Diziler.csproj", "{FBFD45AC-9776-4542-B639-3ED67F6D726A}"
EndProject
Global
	GlobalSection(SolutionConfigurationPlatforms) = preSolution
		Debug|Any CPU = Debug|Any CPU
		Release|Any CPU = Release|Any CPU
	EndGlobalSection
	GlobalSection(ProjectConfigurationPlatforms) = postSolution
		{6FAFFE58-8924-4FD9-A889-8ADF5B1C6A03}.Debug|Any CPU.ActiveCfg = Debug|Any CPU
		{6FAFFE58-8924-4FD9-A889-8ADF5B1C6A03}.Debug|Any CPU.Build.0 = Debug|Any CPU
		{6FAFFE58-8924-4FD9-A889-8ADF5B1C6A03}.Release|Any CPU.ActiveCfg = Release|Any CPU
		{6FAFFE58-8924-4FD9-A889-8ADF5B1C6A03}.Release|Any CPU.Build.0 = Release|Any CPU
		{50E2B622-DBED-44F7-B4E7-42EBF8D268AF}.Debug|Any CPU.ActiveCfg = Debug|Any CPU
		{50E2B622-DBED-44F7-B4E7-42EBF8D268AF}.Debug|Any CPU.Build.0 = Debug|Any CPU
		{50E2B622-DBED-44F7-B4E7-42EBF8D268AF}.Release|Any CPU.ActiveCfg = Release|Any CPU
		{50E2B622-DBED-44F7-B4E7-42EBF8D268AF}.Release|Any CPU.Build.0 = Release|Any CPU
		{2A4450DB-CF4A-4E28-9D96-51C130C12D1C}.Debug|Any CPU.ActiveCfg = Debug|Any CPU
		{2A4450DB-CF4A-4E28-9D96-51C130C12D1C}.Debug|Any CPU.Build.0 = Debug|Any CPU
		{2A4450DB-CF4A-4E28-9D96-51C130C12D1C}.Release|Any CPU.ActiveCfg = Release|Any CPU
		{2A4450DB-CF4A-4E28-9D96-51C130C12D1C}.Release|Any CPU.Build.0 = Release|Any CPU
		{9C51521B-8F1B-4B51-AF29-705D5A321527}.Debug|Any CPU.ActiveCfg = Debug|Any CPU
		{9C51521B-8F1B-4B51-AF29-705D5A321527}.Debug|Any CPU.Build.0 = Debug|Any CPU
		{9C51521B-8F1B-4B51-AF29-705D5A321527}.Release|Any CPU.ActiveCfg = Release|Any CPU
		{9C51521B-8F1B-4B51-AF29-705D5A321527}.Release|Any CPU.Build.0 = Release|Any CPU
		{12E96D42-6CC6-4453-8312-3C28E1234EED}.Debug|Any CPU.ActiveCfg = Debug|Any CPU
		{12E96D42-6CC6-4453-8312-3C28E1234EED}.Debug|Any CPU.Build.0 = Debug|Any CPU
		{12E96D42-6CC6-4453-8312-3C28E1234EED}.Release|Any CPU.ActiveCfg = Release|Any CPU
		{12E96D42-6CC6-4453-8312-3C28E1234EED}.Release|Any CPU.Build.0 = Release|Any CPU
		{FBFD45AC-9776-4542-B639-3ED67F6D726A}.Debug|Any CPU.ActiveCfg = Debug|Any CPU
		{FBFD45AC-9776-4542-B639-3ED67F6D726A}.Debug|Any CPU.Build.0 = Debug|Any CPU
		{FBFD45AC-9776-4542-B639-3ED67F6D726A}.Release|Any CPU.ActiveCfg = Release|Any CPU
		{FBFD45AC-9776-4542-B639-3ED67F6D726A}.Release|Any CPU.Build.0 = Release|Any CPU
	EndGlobalSection
	GlobalSection(SolutionProperties) = preSolution
		HideSolutionNode = FALSE
	EndGlobalSection
	GlobalSection(ExtensibilityGlobals) = postSolution
		SolutionGuid = {FFEA6B69-C6FD-4BC5-9FC6-C908587A8236}
	EndGlobalSection
EndGlobal
